// !$*UTF8*$!
{
	archiveVersion = 1;
	classes = {
	};
	objectVersion = 46;
	objects = {

/* Begin PBXBuildFile section */
		3CF3E18D1FA5850F00053102 /* AppDelegate.swift in Sources */ = {isa = PBXBuildFile; fileRef = 3CF3E18C1FA5850F00053102 /* AppDelegate.swift */; };
		3CF3E18F1FA5850F00053102 /* ViewController.swift in Sources */ = {isa = PBXBuildFile; fileRef = 3CF3E18E1FA5850F00053102 /* ViewController.swift */; };
		3CF3E1921FA5850F00053102 /* Main.storyboard in Resources */ = {isa = PBXBuildFile; fileRef = 3CF3E1901FA5850F00053102 /* Main.storyboard */; };
		3CF3E1941FA5850F00053102 /* Assets.xcassets in Resources */ = {isa = PBXBuildFile; fileRef = 3CF3E1931FA5850F00053102 /* Assets.xcassets */; };
		3CF3E1971FA5850F00053102 /* LaunchScreen.storyboard in Resources */ = {isa = PBXBuildFile; fileRef = 3CF3E1951FA5850F00053102 /* LaunchScreen.storyboard */; };
		3CF3E1A21FA5850F00053102 /* strangeStringTests.swift in Sources */ = {isa = PBXBuildFile; fileRef = 3CF3E1A11FA5850F00053102 /* strangeStringTests.swift */; };
		3CF3E1AD1FA5850F00053102 /* strangeStringUITests.swift in Sources */ = {isa = PBXBuildFile; fileRef = 3CF3E1AC1FA5850F00053102 /* strangeStringUITests.swift */; };
/* End PBXBuildFile section */

/* Begin PBXContainerItemProxy section */
		3CF3E19E1FA5850F00053102 /* PBXContainerItemProxy */ = {
			isa = PBXContainerItemProxy;
			containerPortal = 3CF3E1811FA5850F00053102 /* Project object */;
			proxyType = 1;
			remoteGlobalIDString = 3CF3E1881FA5850F00053102;
			remoteInfo = strangeString;
		};
		3CF3E1A91FA5850F00053102 /* PBXContainerItemProxy */ = {
			isa = PBXContainerItemProxy;
			containerPortal = 3CF3E1811FA5850F00053102 /* Project object */;
			proxyType = 1;
			remoteGlobalIDString = 3CF3E1881FA5850F00053102;
			remoteInfo = strangeString;
		};
/* End PBXContainerItemProxy section */

/* Begin PBXFileReference section */
		3CF3E1891FA5850F00053102 /* strangeString.app */ = {isa = PBXFileReference; explicitFileType = wrapper.application; includeInIndex = 0; path = strangeString.app; sourceTree = BUILT_PRODUCTS_DIR; };
		3CF3E18C1FA5850F00053102 /* AppDelegate.swift */ = {isa = PBXFileReference; lastKnownFileType = sourcecode.swift; path = AppDelegate.swift; sourceTree = "<group>"; };
		3CF3E18E1FA5850F00053102 /* ViewController.swift */ = {isa = PBXFileReference; lastKnownFileType = sourcecode.swift; path = ViewController.swift; sourceTree = "<group>"; };
		3CF3E1911FA5850F00053102 /* Base */ = {isa = PBXFileReference; lastKnownFileType = file.storyboard; name = Base; path = Base.lproj/Main.storyboard; sourceTree = "<group>"; };
		3CF3E1931FA5850F00053102 /* Assets.xcassets */ = {isa = PBXFileReference; lastKnownFileType = folder.assetcatalog; path = Assets.xcassets; sourceTree = "<group>"; };
		3CF3E1961FA5850F00053102 /* Base */ = {isa = PBXFileReference; lastKnownFileType = file.storyboard; name = Base; path = Base.lproj/LaunchScreen.storyboard; sourceTree = "<group>"; };
		3CF3E1981FA5850F00053102 /* Info.plist */ = {isa = PBXFileReference; lastKnownFileType = text.plist.xml; path = Info.plist; sourceTree = "<group>"; };
		3CF3E19D1FA5850F00053102 /* strangeStringTests.xctest */ = {isa = PBXFileReference; explicitFileType = wrapper.cfbundle; includeInIndex = 0; path = strangeStringTests.xctest; sourceTree = BUILT_PRODUCTS_DIR; };
		3CF3E1A11FA5850F00053102 /* strangeStringTests.swift */ = {isa = PBXFileReference; lastKnownFileType = sourcecode.swift; path = strangeStringTests.swift; sourceTree = "<group>"; };
		3CF3E1A31FA5850F00053102 /* Info.plist */ = {isa = PBXFileReference; lastKnownFileType = text.plist.xml; path = Info.plist; sourceTree = "<group>"; };
		3CF3E1A81FA5850F00053102 /* strangeStringUITests.xctest */ = {isa = PBXFileReference; explicitFileType = wrapper.cfbundle; includeInIndex = 0; path = strangeStringUITests.xctest; sourceTree = BUILT_PRODUCTS_DIR; };
		3CF3E1AC1FA5850F00053102 /* strangeStringUITests.swift */ = {isa = PBXFileReference; lastKnownFileType = sourcecode.swift; path = strangeStringUITests.swift; sourceTree = "<group>"; };
		3CF3E1AE1FA5850F00053102 /* Info.plist */ = {isa = PBXFileReference; lastKnownFileType = text.plist.xml; path = Info.plist; sourceTree = "<group>"; };
/* End PBXFileReference section */

/* Begin PBXFrameworksBuildPhase section */
		3CF3E1861FA5850F00053102 /* Frameworks */ = {
			isa = PBXFrameworksBuildPhase;
			buildActionMask = 2147483647;
			files = (
			);
			runOnlyForDeploymentPostprocessing = 0;
		};
		3CF3E19A1FA5850F00053102 /* Frameworks */ = {
			isa = PBXFrameworksBuildPhase;
			buildActionMask = 2147483647;
			files = (
			);
			runOnlyForDeploymentPostprocessing = 0;
		};
		3CF3E1A51FA5850F00053102 /* Frameworks */ = {
			isa = PBXFrameworksBuildPhase;
			buildActionMask = 2147483647;
			files = (
			);
			runOnlyForDeploymentPostprocessing = 0;
		};
/* End PBXFrameworksBuildPhase section */

/* Begin PBXGroup section */
		3CF3E1801FA5850F00053102 = {
			isa = PBXGroup;
			children = (
				3CF3E18B1FA5850F00053102 /* strangeString */,
				3CF3E1A01FA5850F00053102 /* strangeStringTests */,
				3CF3E1AB1FA5850F00053102 /* strangeStringUITests */,
				3CF3E18A1FA5850F00053102 /* Products */,
			);
			sourceTree = "<group>";
		};
		3CF3E18A1FA5850F00053102 /* Products */ = {
			isa = PBXGroup;
			children = (
				3CF3E1891FA5850F00053102 /* strangeString.app */,
				3CF3E19D1FA5850F00053102 /* strangeStringTests.xctest */,
				3CF3E1A81FA5850F00053102 /* strangeStringUITests.xctest */,
			);
			name = Products;
			sourceTree = "<group>";
		};
		3CF3E18B1FA5850F00053102 /* strangeString */ = {
			isa = PBXGroup;
			children = (
				3CF3E18C1FA5850F00053102 /* AppDelegate.swift */,
				3CF3E18E1FA5850F00053102 /* ViewController.swift */,
				3CF3E1901FA5850F00053102 /* Main.storyboard */,
				3CF3E1931FA5850F00053102 /* Assets.xcassets */,
				3CF3E1951FA5850F00053102 /* LaunchScreen.storyboard */,
				3CF3E1981FA5850F00053102 /* Info.plist */,
			);
			path = strangeString;
			sourceTree = "<group>";
		};
		3CF3E1A01FA5850F00053102 /* strangeStringTests */ = {
			isa = PBXGroup;
			children = (
				3CF3E1A11FA5850F00053102 /* strangeStringTests.swift */,
				3CF3E1A31FA5850F00053102 /* Info.plist */,
			);
			path = strangeStringTests;
			sourceTree = "<group>";
		};
		3CF3E1AB1FA5850F00053102 /* strangeStringUITests */ = {
			isa = PBXGroup;
			children = (
				3CF3E1AC1FA5850F00053102 /* strangeStringUITests.swift */,
				3CF3E1AE1FA5850F00053102 /* Info.plist */,
			);
			path = strangeStringUITests;
			sourceTree = "<group>";
		};
/* End PBXGroup section */

/* Begin PBXNativeTarget section */
		3CF3E1881FA5850F00053102 /* strangeString */ = {
			isa = PBXNativeTarget;
			buildConfigurationList = 3CF3E1B11FA5850F00053102 /* Build configuration list for PBXNativeTarget "strangeString" */;
			buildPhases = (
				3CF3E1851FA5850F00053102 /* Sources */,
				3CF3E1861FA5850F00053102 /* Frameworks */,
				3CF3E1871FA5850F00053102 /* Resources */,
			);
			buildRules = (
			);
			dependencies = (
			);
			name = strangeString;
			productName = strangeString;
			productReference = 3CF3E1891FA5850F00053102 /* strangeString.app */;
			productType = "com.apple.product-type.application";
		};
		3CF3E19C1FA5850F00053102 /* strangeStringTests */ = {
			isa = PBXNativeTarget;
			buildConfigurationList = 3CF3E1B41FA5850F00053102 /* Build configuration list for PBXNativeTarget "strangeStringTests" */;
			buildPhases = (
				3CF3E1991FA5850F00053102 /* Sources */,
				3CF3E19A1FA5850F00053102 /* Frameworks */,
				3CF3E19B1FA5850F00053102 /* Resources */,
			);
			buildRules = (
			);
			dependencies = (
				3CF3E19F1FA5850F00053102 /* PBXTargetDependency */,
			);
			name = strangeStringTests;
			productName = strangeStringTests;
			productReference = 3CF3E19D1FA5850F00053102 /* strangeStringTests.xctest */;
			productType = "com.apple.product-type.bundle.unit-test";
		};
		3CF3E1A71FA5850F00053102 /* strangeStringUITests */ = {
			isa = PBXNativeTarget;
			buildConfigurationList = 3CF3E1B71FA5850F00053102 /* Build configuration list for PBXNativeTarget "strangeStringUITests" */;
			buildPhases = (
				3CF3E1A41FA5850F00053102 /* Sources */,
				3CF3E1A51FA5850F00053102 /* Frameworks */,
				3CF3E1A61FA5850F00053102 /* Resources */,
			);
			buildRules = (
			);
			dependencies = (
				3CF3E1AA1FA5850F00053102 /* PBXTargetDependency */,
			);
			name = strangeStringUITests;
			productName = strangeStringUITests;
			productReference = 3CF3E1A81FA5850F00053102 /* strangeStringUITests.xctest */;
			productType = "com.apple.product-type.bundle.ui-testing";
		};
/* End PBXNativeTarget section */

/* Begin PBXProject section */
		3CF3E1811FA5850F00053102 /* Project object */ = {
			isa = PBXProject;
			attributes = {
				LastSwiftUpdateCheck = 0830;
				LastUpgradeCheck = 0830;
				TargetAttributes = {
					3CF3E1881FA5850F00053102 = {
						CreatedOnToolsVersion = 8.3.1;
						DevelopmentTeam = UA2MY64S4T;
						ProvisioningStyle = Automatic;
					};
					3CF3E19C1FA5850F00053102 = {
						CreatedOnToolsVersion = 8.3.1;
						ProvisioningStyle = Automatic;
						TestTargetID = 3CF3E1881FA5850F00053102;
					};
					3CF3E1A71FA5850F00053102 = {
						CreatedOnToolsVersion = 8.3.1;
						ProvisioningStyle = Automatic;
						TestTargetID = 3CF3E1881FA5850F00053102;
					};
				};
			};
			buildConfigurationList = 3CF3E1841FA5850F00053102 /* Build configuration list for PBXProject "strangeString" */;
			compatibilityVersion = "Xcode 3.2";
			developmentRegion = English;
			hasScannedForEncodings = 0;
			knownRegions = (
				en,
				Base,
			);
			mainGroup = 3CF3E1801FA5850F00053102;
			productRefGroup = 3CF3E18A1FA5850F00053102 /* Products */;
			projectDirPath = "";
			projectRoot = "";
			targets = (
				3CF3E1881FA5850F00053102 /* strangeString */,
				3CF3E19C1FA5850F00053102 /* strangeStringTests */,
				3CF3E1A71FA5850F00053102 /* strangeStringUITests */,
			);
		};
/* End PBXProject section */

/* Begin PBXResourcesBuildPhase section */
		3CF3E1871FA5850F00053102 /* Resources */ = {
			isa = PBXResourcesBuildPhase;
			buildActionMask = 2147483647;
			files = (
				3CF3E1971FA5850F00053102 /* LaunchScreen.storyboard in Resources */,
				3CF3E1941FA5850F00053102 /* Assets.xcassets in Resources */,
				3CF3E1921FA5850F00053102 /* Main.storyboard in Resources */,
			);
			runOnlyForDeploymentPostprocessing = 0;
		};
		3CF3E19B1FA5850F00053102 /* Resources */ = {
			isa = PBXResourcesBuildPhase;
			buildActionMask = 2147483647;
			files = (
			);
			runOnlyForDeploymentPostprocessing = 0;
		};
		3CF3E1A61FA5850F00053102 /* Resources */ = {
			isa = PBXResourcesBuildPhase;
			buildActionMask = 2147483647;
			files = (
			);
			runOnlyForDeploymentPostprocessing = 0;
		};
/* End PBXResourcesBuildPhase section */

/* Begin PBXSourcesBuildPhase section */
		3CF3E1851FA5850F00053102 /* Sources */ = {
			isa = PBXSourcesBuildPhase;
			buildActionMask = 2147483647;
			files = (
				3CF3E18F1FA5850F00053102 /* ViewController.swift in Sources */,
				3CF3E18D1FA5850F00053102 /* AppDelegate.swift in Sources */,
			);
			runOnlyForDeploymentPostprocessing = 0;
		};
		3CF3E1991FA5850F00053102 /* Sources */ = {
			isa = PBXSourcesBuildPhase;
			buildActionMask = 2147483647;
			files = (
				3CF3E1A21FA5850F00053102 /* strangeStringTests.swift in Sources */,
			);
			runOnlyForDeploymentPostprocessing = 0;
		};
		3CF3E1A41FA5850F00053102 /* Sources */ = {
			isa = PBXSourcesBuildPhase;
			buildActionMask = 2147483647;
			files = (
				3CF3E1AD1FA5850F00053102 /* strangeStringUITests.swift in Sources */,
			);
			runOnlyForDeploymentPostprocessing = 0;
		};
/* End PBXSourcesBuildPhase section */

/* Begin PBXTargetDependency section */
		3CF3E19F1FA5850F00053102 /* PBXTargetDependency */ = {
			isa = PBXTargetDependency;
			target = 3CF3E1881FA5850F00053102 /* strangeString */;
			targetProxy = 3CF3E19E1FA5850F00053102 /* PBXContainerItemProxy */;
		};
		3CF3E1AA1FA5850F00053102 /* PBXTargetDependency */ = {
			isa = PBXTargetDependency;
			target = 3CF3E1881FA5850F00053102 /* strangeString */;
			targetProxy = 3CF3E1A91FA5850F00053102 /* PBXContainerItemProxy */;
		};
/* End PBXTargetDependency section */

/* Begin PBXVariantGroup section */
		3CF3E1901FA5850F00053102 /* Main.storyboard */ = {
			isa = PBXVariantGroup;
			children = (
				3CF3E1911FA5850F00053102 /* Base */,
			);
			name = Main.storyboard;
			sourceTree = "<group>";
		};
		3CF3E1951FA5850F00053102 /* LaunchScreen.storyboard */ = {
			isa = PBXVariantGroup;
			children = (
				3CF3E1961FA5850F00053102 /* Base */,
			);
			name = LaunchScreen.storyboard;
			sourceTree = "<group>";
		};
/* End PBXVariantGroup section */

/* Begin XCBuildConfiguration section */
		3CF3E1AF1FA5850F00053102 /* Debug */ = {
			isa = XCBuildConfiguration;
			buildSettings = {
				ALWAYS_SEARCH_USER_PATHS = NO;
				CLANG_ANALYZER_NONNULL = YES;
				CLANG_ANALYZER_NUMBER_OBJECT_CONVERSION = YES_AGGRESSIVE;
				CLANG_CXX_LANGUAGE_STANDARD = "gnu++0x";
				CLANG_CXX_LIBRARY = "libc++";
				CLANG_ENABLE_MODULES = YES;
				CLANG_ENABLE_OBJC_ARC = YES;
				CLANG_WARN_BOOL_CONVERSION = YES;
				CLANG_WARN_CONSTANT_CONVERSION = YES;
				CLANG_WARN_DIRECT_OBJC_ISA_USAGE = YES_ERROR;
				CLANG_WARN_DOCUMENTATION_COMMENTS = YES;
				CLANG_WARN_EMPTY_BODY = YES;
				CLANG_WARN_ENUM_CONVERSION = YES;
				CLANG_WARN_INFINITE_RECURSION = YES;
				CLANG_WARN_INT_CONVERSION = YES;
				CLANG_WARN_OBJC_ROOT_CLASS = YES_ERROR;
				CLANG_WARN_SUSPICIOUS_MOVE = YES;
				CLANG_WARN_UNREACHABLE_CODE = YES;
				CLANG_WARN__DUPLICATE_METHOD_MATCH = YES;
				"CODE_SIGN_IDENTITY[sdk=iphoneos*]" = "iPhone Developer";
				COPY_PHASE_STRIP = NO;
				DEBUG_INFORMATION_FORMAT = dwarf;
				ENABLE_STRICT_OBJC_MSGSEND = YES;
				ENABLE_TESTABILITY = YES;
				GCC_C_LANGUAGE_STANDARD = gnu99;
				GCC_DYNAMIC_NO_PIC = NO;
				GCC_NO_COMMON_BLOCKS = YES;
				GCC_OPTIMIZATION_LEVEL = 0;
				GCC_PREPROCESSOR_DEFINITIONS = (
					"DEBUG=1",
					"$(inherited)",
				);
				GCC_WARN_64_TO_32_BIT_CONVERSION = YES;
				GCC_WARN_ABOUT_RETURN_TYPE = YES_ERROR;
				GCC_WARN_UNDECLARED_SELECTOR = YES;
				GCC_WARN_UNINITIALIZED_AUTOS = YES_AGGRESSIVE;
				GCC_WARN_UNUSED_FUNCTION = YES;
				GCC_WARN_UNUSED_VARIABLE = YES;
				IPHONEOS_DEPLOYMENT_TARGET = 10.3;
				MTL_ENABLE_DEBUG_INFO = YES;
				ONLY_ACTIVE_ARCH = YES;
				SDKROOT = iphoneos;
				SWIFT_ACTIVE_COMPILATION_CONDITIONS = DEBUG;
				SWIFT_OPTIMIZATION_LEVEL = "-Onone";
			};
			name = Debug;
		};
		3CF3E1B01FA5850F00053102 /* Release */ = {
			isa = XCBuildConfiguration;
			buildSettings = {
				ALWAYS_SEARCH_USER_PATHS = NO;
				CLANG_ANALYZER_NONNULL = YES;
				CLANG_ANALYZER_NUMBER_OBJECT_CONVERSION = YES_AGGRESSIVE;
				CLANG_CXX_LANGUAGE_STANDARD = "gnu++0x";
				CLANG_CXX_LIBRARY = "libc++";
				CLANG_ENABLE_MODULES = YES;
				CLANG_ENABLE_OBJC_ARC = YES;
				CLANG_WARN_BOOL_CONVERSION = YES;
				CLANG_WARN_CONSTANT_CONVERSION = YES;
				CLANG_WARN_DIRECT_OBJC_ISA_USAGE = YES_ERROR;
				CLANG_WARN_DOCUMENTATION_COMMENTS = YES;
				CLANG_WARN_EMPTY_BODY = YES;
				CLANG_WARN_ENUM_CONVERSION = YES;
				CLANG_WARN_INFINITE_RECURSION = YES;
				CLANG_WARN_INT_CONVERSION = YES;
				CLANG_WARN_OBJC_ROOT_CLASS = YES_ERROR;
				CLANG_WARN_SUSPICIOUS_MOVE = YES;
				CLANG_WARN_UNREACHABLE_CODE = YES;
				CLANG_WARN__DUPLICATE_METHOD_MATCH = YES;
				"CODE_SIGN_IDENTITY[sdk=iphoneos*]" = "iPhone Developer";
				COPY_PHASE_STRIP = NO;
				DEBUG_INFORMATION_FORMAT = "dwarf-with-dsym";
				ENABLE_NS_ASSERTIONS = NO;
				ENABLE_STRICT_OBJC_MSGSEND = YES;
				GCC_C_LANGUAGE_STANDARD = gnu99;
				GCC_NO_COMMON_BLOCKS = YES;
				GCC_WARN_64_TO_32_BIT_CONVERSION = YES;
				GCC_WARN_ABOUT_RETURN_TYPE = YES_ERROR;
				GCC_WARN_UNDECLARED_SELECTOR = YES;
				GCC_WARN_UNINITIALIZED_AUTOS = YES_AGGRESSIVE;
				GCC_WARN_UNUSED_FUNCTION = YES;
				GCC_WARN_UNUSED_VARIABLE = YES;
				IPHONEOS_DEPLOYMENT_TARGET = 10.3;
				MTL_ENABLE_DEBUG_INFO = NO;
				SDKROOT = iphoneos;
				SWIFT_OPTIMIZATION_LEVEL = "-Owholemodule";
				VALIDATE_PRODUCT = YES;
			};
			name = Release;
		};
		3CF3E1B21FA5850F00053102 /* Debug */ = {
			isa = XCBuildConfiguration;
			buildSettings = {
				ASSETCATALOG_COMPILER_APPICON_NAME = AppIcon;
				DEVELOPMENT_TEAM = UA2MY64S4T;
				INFOPLIST_FILE = strangeString/Info.plist;
				LD_RUNPATH_SEARCH_PATHS = "$(inherited) @executable_path/Frameworks";
				PRODUCT_BUNDLE_IDENTIFIER = com.study.strangeString;
				PRODUCT_NAME = "$(TARGET_NAME)";
				SWIFT_VERSION = 3.0;
			};
			name = Debug;
		};
		3CF3E1B31FA5850F00053102 /* Release */ = {
			isa = XCBuildConfiguration;
			buildSettings = {
				ASSETCATALOG_COMPILER_APPICON_NAME = AppIcon;
				DEVELOPMENT_TEAM = UA2MY64S4T;
				INFOPLIST_FILE = strangeString/Info.plist;
				LD_RUNPATH_SEARCH_PATHS = "$(inherited) @executable_path/Frameworks";
				PRODUCT_BUNDLE_IDENTIFIER = com.study.strangeString;
				PRODUCT_NAME = "$(TARGET_NAME)";
				SWIFT_VERSION = 3.0;
			};
			name = Release;
		};
		3CF3E1B51FA5850F00053102 /* Debug */ = {
			isa = XCBuildConfiguration;
			buildSettings = {
				ALWAYS_EMBED_SWIFT_STANDARD_LIBRARIES = YES;
				BUNDLE_LOADER = "$(TEST_HOST)";
				INFOPLIST_FILE = strangeStringTests/Info.plist;
				LD_RUNPATH_SEARCH_PATHS = "$(inherited) @executable_path/Frameworks @loader_path/Frameworks";
				PRODUCT_BUNDLE_IDENTIFIER = com.study.strangeStringTests;
				PRODUCT_NAME = "$(TARGET_NAME)";
				SWIFT_VERSION = 3.0;
				TEST_HOST = "$(BUILT_PRODUCTS_DIR)/strangeString.app/strangeString";
			};
			name = Debug;
		};
		3CF3E1B61FA5850F00053102 /* Release */ = {
			isa = XCBuildConfiguration;
			buildSettings = {
				ALWAYS_EMBED_SWIFT_STANDARD_LIBRARIES = YES;
				BUNDLE_LOADER = "$(TEST_HOST)";
				INFOPLIST_FILE = strangeStringTests/Info.plist;
				LD_RUNPATH_SEARCH_PATHS = "$(inherited) @executable_path/Frameworks @loader_path/Frameworks";
				PRODUCT_BUNDLE_IDENTIFIER = com.study.strangeStringTests;
				PRODUCT_NAME = "$(TARGET_NAME)";
				SWIFT_VERSION = 3.0;
				TEST_HOST = "$(BUILT_PRODUCTS_DIR)/strangeString.app/strangeString";
			};
			name = Release;
		};
		3CF3E1B81FA5850F00053102 /* Debug */ = {
			isa = XCBuildConfiguration;
			buildSettings = {
				ALWAYS_EMBED_SWIFT_STANDARD_LIBRARIES = YES;
				INFOPLIST_FILE = strangeStringUITests/Info.plist;
				LD_RUNPATH_SEARCH_PATHS = "$(inherited) @executable_path/Frameworks @loader_path/Frameworks";
				PRODUCT_BUNDLE_IDENTIFIER = com.study.strangeStringUITests;
				PRODUCT_NAME = "$(TARGET_NAME)";
				SWIFT_VERSION = 3.0;
				TEST_TARGET_NAME = strangeString;
			};
			name = Debug;
		};
		3CF3E1B91FA5850F00053102 /* Release */ = {
			isa = XCBuildConfiguration;
			buildSettings = {
				ALWAYS_EMBED_SWIFT_STANDARD_LIBRARIES = YES;
				INFOPLIST_FILE = strangeStringUITests/Info.plist;
				LD_RUNPATH_SEARCH_PATHS = "$(inherited) @executable_path/Frameworks @loader_path/Frameworks";
				PRODUCT_BUNDLE_IDENTIFIER = com.study.strangeStringUITests;
				PRODUCT_NAME = "$(TARGET_NAME)";
				SWIFT_VERSION = 3.0;
				TEST_TARGET_NAME = strangeString;
			};
			name = Release;
		};
/* End XCBuildConfiguration section */

/* Begin XCConfigurationList section */
		3CF3E1841FA5850F00053102 /* Build configuration list for PBXProject "strangeString" */ = {
			isa = XCConfigurationList;
			buildConfigurations = (
				3CF3E1AF1FA5850F00053102 /* Debug */,
				3CF3E1B01FA5850F00053102 /* Release */,
			);
			defaultConfigurationIsVisible = 0;
			defaultConfigurationName = Release;
		};
		3CF3E1B11FA5850F00053102 /* Build configuration list for PBXNativeTarget "strangeString" */ = {
			isa = XCConfigurationList;
			buildConfigurations = (
				3CF3E1B21FA5850F00053102 /* Debug */,
				3CF3E1B31FA5850F00053102 /* Release */,
			);
			defaultConfigurationIsVisible = 0;
		};
		3CF3E1B41FA5850F00053102 /* Build configuration list for PBXNativeTarget "strangeStringTests" */ = {
			isa = XCConfigurationList;
			buildConfigurations = (
				3CF3E1B51FA5850F00053102 /* Debug */,
				3CF3E1B61FA5850F00053102 /* Release */,
			);
			defaultConfigurationIsVisible = 0;
		};
		3CF3E1B71FA5850F00053102 /* Build configuration list for PBXNativeTarget "strangeStringUITests" */ = {
			isa = XCConfigurationList;
			buildConfigurations = (
				3CF3E1B81FA5850F00053102 /* Debug */,
				3CF3E1B91FA5850F00053102 /* Release */,
			);
			defaultConfigurationIsVisible = 0;
		};
/* End XCConfigurationList section */
	};
	rootObject = 3CF3E1811FA5850F00053102 /* Project object */;
}
